PODS:
  - MapboxCommon (24.8.0)
  - MapboxCoreMaps (11.8.0):
    - MapboxCommon (~> 24.8)
  - MapboxMaps (11.8.0):
    - MapboxCommon (= 24.8.0)
    - MapboxCoreMaps (= 11.8.0)
    - Turf (= 3.0.0)
  - Turf (3.0.0)
  - WeMapSDK (0.6.0):
    - MapboxMaps (= 11.8.0)

DEPENDENCIES:
  - MapboxMaps (= 11.8.0)
  - WeMapSDK (from `../`)

SPEC REPOS:
  trunk:
    - MapboxCommon
    - MapboxCoreMaps
    - MapboxMaps
    - Turf

EXTERNAL SOURCES:
  WeMapSDK:
    :path: "../"

SPEC CHECKSUMS:
  MapboxCommon: 95fe03b74d0d0ca39dc646ca14862deb06875151
  MapboxCoreMaps: f2a82182c5f6c6262220b81547c6df708012932b
  MapboxMaps: dbe1869006c5918d62efc6b475fb884947ea2ecd
  Turf: a1604e74adce15c58462c9ae2acdbf049d5be35e
  WeMapSDK: 510d026f23bbf38e52b53a7be7b1863e256e1b63

PODFILE CHECKSUM: 23b13472904390dc1e7079fce8cdb0f0e0b1cc70

COCOAPODS: 1.15.2
